
Microsoft Visual Studio Solution File, Format Version 12.00
# Visual Studio Version 17
VisualStudioVersion = 17.0.31903.59
MinimumVisualStudioVersion = 10.0.40219.1
Project("{2150E333-8FDC-42A3-9474-1A3956D46DE8}") = "src", "src", "{827E0CD3-B72D-47B6-A68D-7590B98EB39B}"
EndProject
Project("{F184B08F-C81C-45F6-A57F-5ABD9991F28F}") = "DashboardMetas.Core", "src\DashboardMetas.Core\DashboardMetas.Core.vbproj", "{17C35767-0DEB-4956-A046-0BD4B542F2E3}"
EndProject
Project("{F184B08F-C81C-45F6-A57F-5ABD9991F28F}") = "DashboardMetas.Data", "src\DashboardMetas.Data\DashboardMetas.Data.vbproj", "{6DE4851A-AC43-4EAC-806F-C6814A7FB8BE}"
EndProject
Project("{F184B08F-C81C-45F6-A57F-5ABD9991F28F}") = "DashboardMetas.App", "src\DashboardMetas.App\DashboardMetas.App.vbproj", "{EF2AE193-ED11-46C0-9E1C-3FE6B76518AA}"
EndProject
Project("{2150E333-8FDC-42A3-9474-1A3956D46DE8}") = "tests", "tests", "{0AB3BF05-4346-4AA6-1389-037BE0695223}"
EndProject
Project("{F184B08F-C81C-45F6-A57F-5ABD9991F28F}") = "DashboardMetas.Tests", "tests\DashboardMetas.Tests\DashboardMetas.Tests.vbproj", "{4C786680-C774-49C3-A057-44D32D4B55DE}"
EndProject
Global
	GlobalSection(SolutionConfigurationPlatforms) = preSolution
		Debug|Any CPU = Debug|Any CPU
		Debug|x64 = Debug|x64
		Debug|x86 = Debug|x86
		Release|Any CPU = Release|Any CPU
		Release|x64 = Release|x64
		Release|x86 = Release|x86
	EndGlobalSection
	GlobalSection(ProjectConfigurationPlatforms) = postSolution
		{17C35767-0DEB-4956-A046-0BD4B542F2E3}.Debug|Any CPU.ActiveCfg = Debug|Any CPU
		{17C35767-0DEB-4956-A046-0BD4B542F2E3}.Debug|Any CPU.Build.0 = Debug|Any CPU
		{17C35767-0DEB-4956-A046-0BD4B542F2E3}.Debug|x64.ActiveCfg = Debug|Any CPU
		{17C35767-0DEB-4956-A046-0BD4B542F2E3}.Debug|x64.Build.0 = Debug|Any CPU
		{17C35767-0DEB-4956-A046-0BD4B542F2E3}.Debug|x86.ActiveCfg = Debug|Any CPU
		{17C35767-0DEB-4956-A046-0BD4B542F2E3}.Debug|x86.Build.0 = Debug|Any CPU
		{17C35767-0DEB-4956-A046-0BD4B542F2E3}.Release|Any CPU.ActiveCfg = Release|Any CPU
		{17C35767-0DEB-4956-A046-0BD4B542F2E3}.Release|Any CPU.Build.0 = Release|Any CPU
		{17C35767-0DEB-4956-A046-0BD4B542F2E3}.Release|x64.ActiveCfg = Release|Any CPU
		{17C35767-0DEB-4956-A046-0BD4B542F2E3}.Release|x64.Build.0 = Release|Any CPU
		{17C35767-0DEB-4956-A046-0BD4B542F2E3}.Release|x86.ActiveCfg = Release|Any CPU
		{17C35767-0DEB-4956-A046-0BD4B542F2E3}.Release|x86.Build.0 = Release|Any CPU
		{6DE4851A-AC43-4EAC-806F-C6814A7FB8BE}.Debug|Any CPU.ActiveCfg = Debug|Any CPU
		{6DE4851A-AC43-4EAC-806F-C6814A7FB8BE}.Debug|Any CPU.Build.0 = Debug|Any CPU
		{6DE4851A-AC43-4EAC-806F-C6814A7FB8BE}.Debug|x64.ActiveCfg = Debug|Any CPU
		{6DE4851A-AC43-4EAC-806F-C6814A7FB8BE}.Debug|x64.Build.0 = Debug|Any CPU
		{6DE4851A-AC43-4EAC-806F-C6814A7FB8BE}.Debug|x86.ActiveCfg = Debug|Any CPU
		{6DE4851A-AC43-4EAC-806F-C6814A7FB8BE}.Debug|x86.Build.0 = Debug|Any CPU
		{6DE4851A-AC43-4EAC-806F-C6814A7FB8BE}.Release|Any CPU.ActiveCfg = Release|Any CPU
		{6DE4851A-AC43-4EAC-806F-C6814A7FB8BE}.Release|Any CPU.Build.0 = Release|Any CPU
		{6DE4851A-AC43-4EAC-806F-C6814A7FB8BE}.Release|x64.ActiveCfg = Release|Any CPU
		{6DE4851A-AC43-4EAC-806F-C6814A7FB8BE}.Release|x64.Build.0 = Release|Any CPU
		{6DE4851A-AC43-4EAC-806F-C6814A7FB8BE}.Release|x86.ActiveCfg = Release|Any CPU
		{6DE4851A-AC43-4EAC-806F-C6814A7FB8BE}.Release|x86.Build.0 = Release|Any CPU
		{EF2AE193-ED11-46C0-9E1C-3FE6B76518AA}.Debug|Any CPU.ActiveCfg = Debug|Any CPU
		{EF2AE193-ED11-46C0-9E1C-3FE6B76518AA}.Debug|Any CPU.Build.0 = Debug|Any CPU
		{EF2AE193-ED11-46C0-9E1C-3FE6B76518AA}.Debug|x64.ActiveCfg = Debug|Any CPU
		{EF2AE193-ED11-46C0-9E1C-3FE6B76518AA}.Debug|x64.Build.0 = Debug|Any CPU
		{EF2AE193-ED11-46C0-9E1C-3FE6B76518AA}.Debug|x86.ActiveCfg = Debug|Any CPU
		{EF2AE193-ED11-46C0-9E1C-3FE6B76518AA}.Debug|x86.Build.0 = Debug|Any CPU
		{EF2AE193-ED11-46C0-9E1C-3FE6B76518AA}.Release|Any CPU.ActiveCfg = Release|Any CPU
		{EF2AE193-ED11-46C0-9E1C-3FE6B76518AA}.Release|Any CPU.Build.0 = Release|Any CPU
		{EF2AE193-ED11-46C0-9E1C-3FE6B76518AA}.Release|x64.ActiveCfg = Release|Any CPU
		{EF2AE193-ED11-46C0-9E1C-3FE6B76518AA}.Release|x64.Build.0 = Release|Any CPU
		{EF2AE193-ED11-46C0-9E1C-3FE6B76518AA}.Release|x86.ActiveCfg = Release|Any CPU
		{EF2AE193-ED11-46C0-9E1C-3FE6B76518AA}.Release|x86.Build.0 = Release|Any CPU
		{4C786680-C774-49C3-A057-44D32D4B55DE}.Debug|Any CPU.ActiveCfg = Debug|Any CPU
		{4C786680-C774-49C3-A057-44D32D4B55DE}.Debug|Any CPU.Build.0 = Debug|Any CPU
		{4C786680-C774-49C3-A057-44D32D4B55DE}.Debug|x64.ActiveCfg = Debug|Any CPU
		{4C786680-C774-49C3-A057-44D32D4B55DE}.Debug|x64.Build.0 = Debug|Any CPU
		{4C786680-C774-49C3-A057-44D32D4B55DE}.Debug|x86.ActiveCfg = Debug|Any CPU
		{4C786680-C774-49C3-A057-44D32D4B55DE}.Debug|x86.Build.0 = Debug|Any CPU
		{4C786680-C774-49C3-A057-44D32D4B55DE}.Release|Any CPU.ActiveCfg = Release|Any CPU
		{4C786680-C774-49C3-A057-44D32D4B55DE}.Release|Any CPU.Build.0 = Release|Any CPU
		{4C786680-C774-49C3-A057-44D32D4B55DE}.Release|x64.ActiveCfg = Release|Any CPU
		{4C786680-C774-49C3-A057-44D32D4B55DE}.Release|x64.Build.0 = Release|Any CPU
		{4C786680-C774-49C3-A057-44D32D4B55DE}.Release|x86.ActiveCfg = Release|Any CPU
		{4C786680-C774-49C3-A057-44D32D4B55DE}.Release|x86.Build.0 = Release|Any CPU
	EndGlobalSection
	GlobalSection(SolutionProperties) = preSolution
		HideSolutionNode = FALSE
	EndGlobalSection
	GlobalSection(NestedProjects) = preSolution
		{17C35767-0DEB-4956-A046-0BD4B542F2E3} = {827E0CD3-B72D-47B6-A68D-7590B98EB39B}
		{6DE4851A-AC43-4EAC-806F-C6814A7FB8BE} = {827E0CD3-B72D-47B6-A68D-7590B98EB39B}
		{EF2AE193-ED11-46C0-9E1C-3FE6B76518AA} = {827E0CD3-B72D-47B6-A68D-7590B98EB39B}
		{4C786680-C774-49C3-A057-44D32D4B55DE} = {0AB3BF05-4346-4AA6-1389-037BE0695223}
	EndGlobalSection
EndGlobal
